
Microsoft Visual Studio Solution File, Format Version 12.00
# Visual Studio Version 17
VisualStudioVersion = 17.9.34616.47
MinimumVisualStudioVersion = 10.0.40219.1
Project("{9A19103F-16F7-4668-BE54-9A1E7A4F7556}") = "Orleans.ApiGateway", "src\Orleans.ApiGateway\Orleans.ApiGateway.csproj", "{9EF8FBB7-8D99-406B-9FB6-CC18BAA3A965}"
EndProject
Global
	GlobalSection(SolutionConfigurationPlatforms) = preSolution
		Debug|Any CPU = Debug|Any CPU
		Release|Any CPU = Release|Any CPU
	EndGlobalSection
	GlobalSection(ProjectConfigurationPlatforms) = postSolution
		{9EF8FBB7-8D99-406B-9FB6-CC18BAA3A965}.Debug|Any CPU.ActiveCfg = Debug|Any CPU
		{9EF8FBB7-8D99-406B-9FB6-CC18BAA3A965}.Debug|Any CPU.Build.0 = Debug|Any CPU
		{9EF8FBB7-8D99-406B-9FB6-CC18BAA3A965}.Release|Any CPU.ActiveCfg = Release|Any CPU
		{9EF8FBB7-8D99-406B-9FB6-CC18BAA3A965}.Release|Any CPU.Build.0 = Release|Any CPU
	EndGlobalSection
	GlobalSection(SolutionProperties) = preSolution
		HideSolutionNode = FALSE
	EndGlobalSection
	GlobalSection(ExtensibilityGlobals) = postSolution
		SolutionGuid = {B26BF214-9606-4C30-BBF7-4E4DEAB63FB5}
	EndGlobalSection
EndGlobal
